
Microsoft Visual Studio Solution File, Format Version 12.00
# Visual Studio Version 17
VisualStudioVersion = 17.11.35219.272
MinimumVisualStudioVersion = 10.0.40219.1
Project("{FAE04EC0-301F-11D3-BF4B-00C04F79EFBC}") = "04-Desafio GUi", "04-Desafio GUi.csproj", "{834C9FC2-84A6-4FC1-A237-98D3F3860671}"
EndProject
Global
	GlobalSection(SolutionConfigurationPlatforms) = preSolution
		Debug|Any CPU = Debug|Any CPU
		Release|Any CPU = Release|Any CPU
	EndGlobalSection
	GlobalSection(ProjectConfigurationPlatforms) = postSolution
		{834C9FC2-84A6-4FC1-A237-98D3F3860671}.Debug|Any CPU.ActiveCfg = Debug|Any CPU
		{834C9FC2-84A6-4FC1-A237-98D3F3860671}.Debug|Any CPU.Build.0 = Debug|Any CPU
		{834C9FC2-84A6-4FC1-A237-98D3F3860671}.Release|Any CPU.ActiveCfg = Release|Any CPU
		{834C9FC2-84A6-4FC1-A237-98D3F3860671}.Release|Any CPU.Build.0 = Release|Any CPU
	EndGlobalSection
	GlobalSection(SolutionProperties) = preSolution
		HideSolutionNode = FALSE
	EndGlobalSection
	GlobalSection(ExtensibilityGlobals) = postSolution
		SolutionGuid = {CE0DB9A8-7CCB-47B9-9149-B32FC2232813}
	EndGlobalSection
EndGlobal
