
Microsoft Visual Studio Solution File, Format Version 12.00
# Visual Studio Version 17
VisualStudioVersion = 17.11.35219.272
MinimumVisualStudioVersion = 10.0.40219.1
Project("{FAE04EC0-301F-11D3-BF4B-00C04F79EFBC}") = "practica tecnica 1", "practica tecnica 1\practica tecnica 1.csproj", "{0B15B61D-1C4E-48E7-8264-62CEF23F45D6}"
EndProject
Global
	GlobalSection(SolutionConfigurationPlatforms) = preSolution
		Debug|Any CPU = Debug|Any CPU
		Release|Any CPU = Release|Any CPU
	EndGlobalSection
	GlobalSection(ProjectConfigurationPlatforms) = postSolution
		{0B15B61D-1C4E-48E7-8264-62CEF23F45D6}.Debug|Any CPU.ActiveCfg = Debug|Any CPU
		{0B15B61D-1C4E-48E7-8264-62CEF23F45D6}.Debug|Any CPU.Build.0 = Debug|Any CPU
		{0B15B61D-1C4E-48E7-8264-62CEF23F45D6}.Release|Any CPU.ActiveCfg = Release|Any CPU
		{0B15B61D-1C4E-48E7-8264-62CEF23F45D6}.Release|Any CPU.Build.0 = Release|Any CPU
	EndGlobalSection
	GlobalSection(SolutionProperties) = preSolution
		HideSolutionNode = FALSE
	EndGlobalSection
	GlobalSection(ExtensibilityGlobals) = postSolution
		SolutionGuid = {AD8CFE0C-D96D-4179-8B25-12133A43D895}
	EndGlobalSection
EndGlobal
